
Microsoft Visual Studio Solution File, Format Version 12.00
# Visual Studio 15
VisualStudioVersion = 15.0.27428.2015
MinimumVisualStudioVersion = 10.0.40219.1
Project("{FAE04EC0-301F-11D3-BF4B-00C04F79EFBC}") = "Innovinity", "Innovinity\Innovinity.csproj", "{67233D14-D069-4741-BAF9-10EEEFB64260}"
EndProject
Global
	GlobalSection(SolutionConfigurationPlatforms) = preSolution
		Debug|Any CPU = Debug|Any CPU
		Release|Any CPU = Release|Any CPU
	EndGlobalSection
	GlobalSection(ProjectConfigurationPlatforms) = postSolution
		{67233D14-D069-4741-BAF9-10EEEFB64260}.Debug|Any CPU.ActiveCfg = Debug|Any CPU
		{67233D14-D069-4741-BAF9-10EEEFB64260}.Debug|Any CPU.Build.0 = Debug|Any CPU
		{67233D14-D069-4741-BAF9-10EEEFB64260}.Release|Any CPU.ActiveCfg = Release|Any CPU
		{67233D14-D069-4741-BAF9-10EEEFB64260}.Release|Any CPU.Build.0 = Release|Any CPU
	EndGlobalSection
	GlobalSection(SolutionProperties) = preSolution
		HideSolutionNode = FALSE
	EndGlobalSection
	GlobalSection(ExtensibilityGlobals) = postSolution
		SolutionGuid = {B41DCAF1-145E-4E8B-814F-C9417AF965C6}
	EndGlobalSection
EndGlobal
